# DO NOT EDIT MANUALLY - Managed by Fern Replay
version: "1.0"
generations:
  - commit_sha: 4affaf42c9dd37e7891d13ef908dd9d503bd2683
    tree_hash: 0f409e91e6dff53e800b008c6c8b1aef66c32c1b
    timestamp: 2026-05-29T12:53:37.078Z
    cli_version: unknown
    generator_versions: {}
current_generation: 4affaf42c9dd37e7891d13ef908dd9d503bd2683
patches: []
